
Microsoft Visual Studio Solution File, Format Version 12.00
# Visual Studio 15
VisualStudioVersion = 15.0.28307.329
MinimumVisualStudioVersion = 10.0.40219.1
Project("{FAE04EC0-301F-11D3-BF4B-00C04F79EFBC}") = "SQA_Assignment1", "SQA_Assignment1\SQA_Assignment1.csproj", "{FFD8B775-0D3A-4CFB-91DF-91F4B19EFCD1}"
EndProject
Project("{FAE04EC0-301F-11D3-BF4B-00C04F79EFBC}") = "SQA_Assignment1_Test", "SQA_Assignment1_Test\SQA_Assignment1_Test.csproj", "{959F7F11-655A-49C6-88BA-96E1D8445BBB}"
EndProject
Global
	GlobalSection(SolutionConfigurationPlatforms) = preSolution
		Debug|Any CPU = Debug|Any CPU
		Release|Any CPU = Release|Any CPU
	EndGlobalSection
	GlobalSection(ProjectConfigurationPlatforms) = postSolution
		{FFD8B775-0D3A-4CFB-91DF-91F4B19EFCD1}.Debug|Any CPU.ActiveCfg = Debug|Any CPU
		{FFD8B775-0D3A-4CFB-91DF-91F4B19EFCD1}.Debug|Any CPU.Build.0 = Debug|Any CPU
		{FFD8B775-0D3A-4CFB-91DF-91F4B19EFCD1}.Release|Any CPU.ActiveCfg = Release|Any CPU
		{FFD8B775-0D3A-4CFB-91DF-91F4B19EFCD1}.Release|Any CPU.Build.0 = Release|Any CPU
		{959F7F11-655A-49C6-88BA-96E1D8445BBB}.Debug|Any CPU.ActiveCfg = Debug|Any CPU
		{959F7F11-655A-49C6-88BA-96E1D8445BBB}.Debug|Any CPU.Build.0 = Debug|Any CPU
		{959F7F11-655A-49C6-88BA-96E1D8445BBB}.Release|Any CPU.ActiveCfg = Release|Any CPU
		{959F7F11-655A-49C6-88BA-96E1D8445BBB}.Release|Any CPU.Build.0 = Release|Any CPU
	EndGlobalSection
	GlobalSection(SolutionProperties) = preSolution
		HideSolutionNode = FALSE
	EndGlobalSection
	GlobalSection(ExtensibilityGlobals) = postSolution
		SolutionGuid = {AB22EEB5-38B4-45F6-AC5B-3C6E878FC56D}
	EndGlobalSection
EndGlobal
